
Microsoft Visual Studio Solution File, Format Version 12.00
# Visual Studio Version 16
VisualStudioVersion = 16.0.31229.75
MinimumVisualStudioVersion = 10.0.40219.1
Project("{9A19103F-16F7-4668-BE54-9A1E7A4F7556}") = "StaffManagement", "StaffManagement\StaffManagement.csproj", "{D03285D8-B42F-4FE7-9BE8-ABA87038AB27}"
EndProject
Project("{FAE04EC0-301F-11D3-BF4B-00C04F79EFBC}") = "StaffManagementTest", "StaffManagementTest\StaffManagementTest.csproj", "{326CC8F1-CBF1-457A-A516-CB8113F4B5A2}"
EndProject
Global
	GlobalSection(SolutionConfigurationPlatforms) = preSolution
		Debug|Any CPU = Debug|Any CPU
		Release|Any CPU = Release|Any CPU
	EndGlobalSection
	GlobalSection(ProjectConfigurationPlatforms) = postSolution
		{D03285D8-B42F-4FE7-9BE8-ABA87038AB27}.Debug|Any CPU.ActiveCfg = Debug|Any CPU
		{D03285D8-B42F-4FE7-9BE8-ABA87038AB27}.Debug|Any CPU.Build.0 = Debug|Any CPU
		{D03285D8-B42F-4FE7-9BE8-ABA87038AB27}.Release|Any CPU.ActiveCfg = Release|Any CPU
		{D03285D8-B42F-4FE7-9BE8-ABA87038AB27}.Release|Any CPU.Build.0 = Release|Any CPU
		{326CC8F1-CBF1-457A-A516-CB8113F4B5A2}.Debug|Any CPU.ActiveCfg = Debug|Any CPU
		{326CC8F1-CBF1-457A-A516-CB8113F4B5A2}.Debug|Any CPU.Build.0 = Debug|Any CPU
		{326CC8F1-CBF1-457A-A516-CB8113F4B5A2}.Release|Any CPU.ActiveCfg = Release|Any CPU
		{326CC8F1-CBF1-457A-A516-CB8113F4B5A2}.Release|Any CPU.Build.0 = Release|Any CPU
	EndGlobalSection
	GlobalSection(SolutionProperties) = preSolution
		HideSolutionNode = FALSE
	EndGlobalSection
	GlobalSection(ExtensibilityGlobals) = postSolution
		SolutionGuid = {890B8F9C-817F-49BA-8321-DC099A08CC27}
	EndGlobalSection
EndGlobal
